
Microsoft Visual Studio Solution File, Format Version 12.00
# Visual Studio Version 17
VisualStudioVersion = 17.8.34330.188
MinimumVisualStudioVersion = 10.0.40219.1
Project("{FAE04EC0-301F-11D3-BF4B-00C04F79EFBC}") = "WebProgramlama", "WebProgramlama\WebProgramlama.csproj", "{11D674E8-2825-4257-9E5D-B98FE5EFA816}"
EndProject
Global
	GlobalSection(SolutionConfigurationPlatforms) = preSolution
		Debug|Any CPU = Debug|Any CPU
		Release|Any CPU = Release|Any CPU
	EndGlobalSection
	GlobalSection(ProjectConfigurationPlatforms) = postSolution
		{11D674E8-2825-4257-9E5D-B98FE5EFA816}.Debug|Any CPU.ActiveCfg = Debug|Any CPU
		{11D674E8-2825-4257-9E5D-B98FE5EFA816}.Debug|Any CPU.Build.0 = Debug|Any CPU
		{11D674E8-2825-4257-9E5D-B98FE5EFA816}.Release|Any CPU.ActiveCfg = Release|Any CPU
		{11D674E8-2825-4257-9E5D-B98FE5EFA816}.Release|Any CPU.Build.0 = Release|Any CPU
	EndGlobalSection
	GlobalSection(SolutionProperties) = preSolution
		HideSolutionNode = FALSE
	EndGlobalSection
	GlobalSection(ExtensibilityGlobals) = postSolution
		SolutionGuid = {5AFAA036-06ED-41C7-9823-67FA52045F66}
	EndGlobalSection
EndGlobal
